// !$*UTF8*$!
{
	archiveVersion = 1;
	classes = {
	};
	objectVersion = 46;
	objects = {

/* Begin PBXBuildFile section */
		077B600C1AC036C3000AC046 /* Foundation.framework in Frameworks */ = {isa = PBXBuildFile; fileRef = 077B600B1AC036C3000AC046 /* Foundation.framework */; };
		077B600E1AC036C3000AC046 /* CoreGraphics.framework in Frameworks */ = {isa = PBXBuildFile; fileRef = 077B600D1AC036C3000AC046 /* CoreGraphics.framework */; };
		077B60101AC036C3000AC046 /* UIKit.framework in Frameworks */ = {isa = PBXBuildFile; fileRef = 077B600F1AC036C3000AC046 /* UIKit.framework */; };
		077B60161AC036C3000AC046 /* InfoPlist.strings in Resources */ = {isa = PBXBuildFile; fileRef = 077B60141AC036C3000AC046 /* InfoPlist.strings */; };
		077B60181AC036C3000AC046 /* main.m in Sources */ = {isa = PBXBuildFile; fileRef = 077B60171AC036C3000AC046 /* main.m */; };
		077B601C1AC036C3000AC046 /* ESPAppDelegate.m in Sources */ = {isa = PBXBuildFile; fileRef = 077B601B1AC036C3000AC046 /* ESPAppDelegate.m */; };
		077B601F1AC036C3000AC046 /* Main.storyboard in Resources */ = {isa = PBXBuildFile; fileRef = 077B601D1AC036C3000AC046 /* Main.storyboard */; };
		077B60221AC036C3000AC046 /* ESPViewController.m in Sources */ = {isa = PBXBuildFile; fileRef = 077B60211AC036C3000AC046 /* ESPViewController.m */; };
		077B60241AC036C3000AC046 /* Images.xcassets in Resources */ = {isa = PBXBuildFile; fileRef = 077B60231AC036C3000AC046 /* Images.xcassets */; };
		077B602B1AC036C3000AC046 /* XCTest.framework in Frameworks */ = {isa = PBXBuildFile; fileRef = 077B602A1AC036C3000AC046 /* XCTest.framework */; };
		077B602C1AC036C3000AC046 /* Foundation.framework in Frameworks */ = {isa = PBXBuildFile; fileRef = 077B600B1AC036C3000AC046 /* Foundation.framework */; };
		077B602D1AC036C4000AC046 /* UIKit.framework in Frameworks */ = {isa = PBXBuildFile; fileRef = 077B600F1AC036C3000AC046 /* UIKit.framework */; };
		077B60351AC036C4000AC046 /* InfoPlist.strings in Resources */ = {isa = PBXBuildFile; fileRef = 077B60331AC036C4000AC046 /* InfoPlist.strings */; };
		077B60371AC036C4000AC046 /* EspTouchDemoTests.m in Sources */ = {isa = PBXBuildFile; fileRef = 077B60361AC036C4000AC046 /* EspTouchDemoTests.m */; };
		C878042D1E5AC7E500A9DDEA /* ServerViewController.m in Sources */ = {isa = PBXBuildFile; fileRef = C87804291E5AC7E500A9DDEA /* ServerViewController.m */; };
		C878042E1E5AC7E500A9DDEA /* ClientViewController.m in Sources */ = {isa = PBXBuildFile; fileRef = C878042B1E5AC7E500A9DDEA /* ClientViewController.m */; };
		C87804311E5AEB1E00A9DDEA /* ViewController.m in Sources */ = {isa = PBXBuildFile; fileRef = C87804301E5AEB1E00A9DDEA /* ViewController.m */; };
		C8DDF3C61E5E690F00F4E706 /* ClientViewController.m in Sources */ = {isa = PBXBuildFile; fileRef = C878042B1E5AC7E500A9DDEA /* ClientViewController.m */; };
		C8F4F3601E5EED7800FC8FC9 /* AsyncSocket.m in Sources */ = {isa = PBXBuildFile; fileRef = C8F4F3311E5EED7800FC8FC9 /* AsyncSocket.m */; };
		C8F4F3611E5EED7800FC8FC9 /* AsyncUdpSocket.m in Sources */ = {isa = PBXBuildFile; fileRef = C8F4F3331E5EED7800FC8FC9 /* AsyncUdpSocket.m */; };
		C8F4F3621E5EED7800FC8FC9 /* ESPDataCode.m in Sources */ = {isa = PBXBuildFile; fileRef = C8F4F3371E5EED7800FC8FC9 /* ESPDataCode.m */; };
		C8F4F3631E5EED7800FC8FC9 /* ESPDatumCode.m in Sources */ = {isa = PBXBuildFile; fileRef = C8F4F3391E5EED7800FC8FC9 /* ESPDatumCode.m */; };
		C8F4F3641E5EED7800FC8FC9 /* ESPGuideCode.m in Sources */ = {isa = PBXBuildFile; fileRef = C8F4F33B1E5EED7800FC8FC9 /* ESPGuideCode.m */; };
		C8F4F3651E5EED7800FC8FC9 /* ESPTouchGenerator.m in Sources */ = {isa = PBXBuildFile; fileRef = C8F4F33D1E5EED7800FC8FC9 /* ESPTouchGenerator.m */; };
		C8F4F3661E5EED7800FC8FC9 /* ESPTouchResult.m in Sources */ = {isa = PBXBuildFile; fileRef = C8F4F3401E5EED7800FC8FC9 /* ESPTouchResult.m */; };
		C8F4F3671E5EED7800FC8FC9 /* ESPTouchTask.m in Sources */ = {isa = PBXBuildFile; fileRef = C8F4F3421E5EED7800FC8FC9 /* ESPTouchTask.m */; };
		C8F4F3681E5EED7800FC8FC9 /* ESPTouchTaskParameter.m in Sources */ = {isa = PBXBuildFile; fileRef = C8F4F3441E5EED7800FC8FC9 /* ESPTouchTaskParameter.m */; };
		C8F4F3691E5EED7800FC8FC9 /* ESPUDPSocketClient.m in Sources */ = {isa = PBXBuildFile; fileRef = C8F4F3491E5EED7800FC8FC9 /* ESPUDPSocketClient.m */; };
		C8F4F36A1E5EED7800FC8FC9 /* ESPUDPSocketServer.m in Sources */ = {isa = PBXBuildFile; fileRef = C8F4F34B1E5EED7800FC8FC9 /* ESPUDPSocketServer.m */; };
		C8F4F36B1E5EED7800FC8FC9 /* ESP_ByteUtil.m in Sources */ = {isa = PBXBuildFile; fileRef = C8F4F34E1E5EED7800FC8FC9 /* ESP_ByteUtil.m */; };
		C8F4F36C1E5EED7800FC8FC9 /* ESP_CRC8.m in Sources */ = {isa = PBXBuildFile; fileRef = C8F4F3501E5EED7800FC8FC9 /* ESP_CRC8.m */; };
		C8F4F36D1E5EED7800FC8FC9 /* ESP_NetUtil.m in Sources */ = {isa = PBXBuildFile; fileRef = C8F4F3521E5EED7800FC8FC9 /* ESP_NetUtil.m */; };
		C8F4F36E1E5EED7800FC8FC9 /* ESP_WifiUtil.m in Sources */ = {isa = PBXBuildFile; fileRef = C8F4F3541E5EED7800FC8FC9 /* ESP_WifiUtil.m */; };
		C8F4F36F1E5EED7800FC8FC9 /* ESPBssidUtil.m in Sources */ = {isa = PBXBuildFile; fileRef = C8F4F3561E5EED7800FC8FC9 /* ESPBssidUtil.m */; };
		C8F4F3701E5EED7800FC8FC9 /* ESPDeviceType.m in Sources */ = {isa = PBXBuildFile; fileRef = C8F4F3581E5EED7800FC8FC9 /* ESPDeviceType.m */; };
		C8F4F3711E5EED7800FC8FC9 /* ESPIOTAddress.m in Sources */ = {isa = PBXBuildFile; fileRef = C8F4F35A1E5EED7800FC8FC9 /* ESPIOTAddress.m */; };
		C8F4F3721E5EED7800FC8FC9 /* ESPUDPBroadcastUtil.m in Sources */ = {isa = PBXBuildFile; fileRef = C8F4F35C1E5EED7800FC8FC9 /* ESPUDPBroadcastUtil.m */; };
		C8F4F3731E5EED7800FC8FC9 /* ESPUDPDataParser.m in Sources */ = {isa = PBXBuildFile; fileRef = C8F4F35E1E5EED7800FC8FC9 /* ESPUDPDataParser.m */; };
		C8FD03691E5C2D5A006B34D2 /* UDPRadioViewController.m in Sources */ = {isa = PBXBuildFile; fileRef = C8FD03681E5C2D5A006B34D2 /* UDPRadioViewController.m */; };
/* End PBXBuildFile section */

/* Begin PBXContainerItemProxy section */
		077B602E1AC036C4000AC046 /* PBXContainerItemProxy */ = {
			isa = PBXContainerItemProxy;
			containerPortal = 077B60001AC036C3000AC046 /* Project object */;
			proxyType = 1;
			remoteGlobalIDString = 077B60071AC036C3000AC046;
			remoteInfo = EspTouchDemo;
		};
/* End PBXContainerItemProxy section */

/* Begin PBXFileReference section */
		077B60081AC036C3000AC046 /* EspTouchDemo.app */ = {isa = PBXFileReference; explicitFileType = wrapper.application; includeInIndex = 0; path = EspTouchDemo.app; sourceTree = BUILT_PRODUCTS_DIR; };
		077B600B1AC036C3000AC046 /* Foundation.framework */ = {isa = PBXFileReference; lastKnownFileType = wrapper.framework; name = Foundation.framework; path = System/Library/Frameworks/Foundation.framework; sourceTree = SDKROOT; };
		077B600D1AC036C3000AC046 /* CoreGraphics.framework */ = {isa = PBXFileReference; lastKnownFileType = wrapper.framework; name = CoreGraphics.framework; path = System/Library/Frameworks/CoreGraphics.framework; sourceTree = SDKROOT; };
		077B600F1AC036C3000AC046 /* UIKit.framework */ = {isa = PBXFileReference; lastKnownFileType = wrapper.framework; name = UIKit.framework; path = System/Library/Frameworks/UIKit.framework; sourceTree = SDKROOT; };
		077B60131AC036C3000AC046 /* EspTouchDemo-Info.plist */ = {isa = PBXFileReference; lastKnownFileType = text.plist.xml; path = "EspTouchDemo-Info.plist"; sourceTree = "<group>"; };
		077B60151AC036C3000AC046 /* en */ = {isa = PBXFileReference; lastKnownFileType = text.plist.strings; name = en; path = en.lproj/InfoPlist.strings; sourceTree = "<group>"; };
		077B60171AC036C3000AC046 /* main.m */ = {isa = PBXFileReference; lastKnownFileType = sourcecode.c.objc; path = main.m; sourceTree = "<group>"; };
		077B60191AC036C3000AC046 /* EspTouchDemo-Prefix.pch */ = {isa = PBXFileReference; lastKnownFileType = sourcecode.c.h; path = "EspTouchDemo-Prefix.pch"; sourceTree = "<group>"; };
		077B601A1AC036C3000AC046 /* ESPAppDelegate.h */ = {isa = PBXFileReference; lastKnownFileType = sourcecode.c.h; path = ESPAppDelegate.h; sourceTree = "<group>"; };
		077B601B1AC036C3000AC046 /* ESPAppDelegate.m */ = {isa = PBXFileReference; lastKnownFileType = sourcecode.c.objc; path = ESPAppDelegate.m; sourceTree = "<group>"; };
		077B601E1AC036C3000AC046 /* Base */ = {isa = PBXFileReference; lastKnownFileType = file.storyboard; name = Base; path = Base.lproj/Main.storyboard; sourceTree = "<group>"; };
		077B60201AC036C3000AC046 /* ESPViewController.h */ = {isa = PBXFileReference; lastKnownFileType = sourcecode.c.h; path = ESPViewController.h; sourceTree = "<group>"; };
		077B60211AC036C3000AC046 /* ESPViewController.m */ = {isa = PBXFileReference; lastKnownFileType = sourcecode.c.objc; path = ESPViewController.m; sourceTree = "<group>"; };
		077B60231AC036C3000AC046 /* Images.xcassets */ = {isa = PBXFileReference; lastKnownFileType = folder.assetcatalog; path = Images.xcassets; sourceTree = "<group>"; };
		077B60291AC036C3000AC046 /* EspTouchDemoTests.xctest */ = {isa = PBXFileReference; explicitFileType = wrapper.cfbundle; includeInIndex = 0; path = EspTouchDemoTests.xctest; sourceTree = BUILT_PRODUCTS_DIR; };
		077B602A1AC036C3000AC046 /* XCTest.framework */ = {isa = PBXFileReference; lastKnownFileType = wrapper.framework; name = XCTest.framework; path = Library/Frameworks/XCTest.framework; sourceTree = DEVELOPER_DIR; };
		077B60321AC036C4000AC046 /* EspTouchDemoTests-Info.plist */ = {isa = PBXFileReference; lastKnownFileType = text.plist.xml; path = "EspTouchDemoTests-Info.plist"; sourceTree = "<group>"; };
		077B60341AC036C4000AC046 /* en */ = {isa = PBXFileReference; lastKnownFileType = text.plist.strings; name = en; path = en.lproj/InfoPlist.strings; sourceTree = "<group>"; };
		077B60361AC036C4000AC046 /* EspTouchDemoTests.m */ = {isa = PBXFileReference; lastKnownFileType = sourcecode.c.objc; path = EspTouchDemoTests.m; sourceTree = "<group>"; };
		C87804281E5AC7E500A9DDEA /* ServerViewController.h */ = {isa = PBXFileReference; fileEncoding = 4; lastKnownFileType = sourcecode.c.h; path = ServerViewController.h; sourceTree = "<group>"; };
		C87804291E5AC7E500A9DDEA /* ServerViewController.m */ = {isa = PBXFileReference; fileEncoding = 4; lastKnownFileType = sourcecode.c.objc; path = ServerViewController.m; sourceTree = "<group>"; };
		C878042A1E5AC7E500A9DDEA /* ClientViewController.h */ = {isa = PBXFileReference; fileEncoding = 4; lastKnownFileType = sourcecode.c.h; path = ClientViewController.h; sourceTree = "<group>"; };
		C878042B1E5AC7E500A9DDEA /* ClientViewController.m */ = {isa = PBXFileReference; fileEncoding = 4; lastKnownFileType = sourcecode.c.objc; path = ClientViewController.m; sourceTree = "<group>"; };
		C878042F1E5AEB1E00A9DDEA /* ViewController.h */ = {isa = PBXFileReference; fileEncoding = 4; lastKnownFileType = sourcecode.c.h; path = ViewController.h; sourceTree = "<group>"; };
		C87804301E5AEB1E00A9DDEA /* ViewController.m */ = {isa = PBXFileReference; fileEncoding = 4; lastKnownFileType = sourcecode.c.objc; path = ViewController.m; sourceTree = "<group>"; };
		C8F4F3301E5EED7800FC8FC9 /* AsyncSocket.h */ = {isa = PBXFileReference; fileEncoding = 4; lastKnownFileType = sourcecode.c.h; path = AsyncSocket.h; sourceTree = "<group>"; };
		C8F4F3311E5EED7800FC8FC9 /* AsyncSocket.m */ = {isa = PBXFileReference; fileEncoding = 4; lastKnownFileType = sourcecode.c.objc; path = AsyncSocket.m; sourceTree = "<group>"; };
		C8F4F3321E5EED7800FC8FC9 /* AsyncUdpSocket.h */ = {isa = PBXFileReference; fileEncoding = 4; lastKnownFileType = sourcecode.c.h; path = AsyncUdpSocket.h; sourceTree = "<group>"; };
		C8F4F3331E5EED7800FC8FC9 /* AsyncUdpSocket.m */ = {isa = PBXFileReference; fileEncoding = 4; lastKnownFileType = sourcecode.c.objc; path = AsyncUdpSocket.m; sourceTree = "<group>"; };
		C8F4F3361E5EED7800FC8FC9 /* ESPDataCode.h */ = {isa = PBXFileReference; fileEncoding = 4; lastKnownFileType = sourcecode.c.h; path = ESPDataCode.h; sourceTree = "<group>"; };
		C8F4F3371E5EED7800FC8FC9 /* ESPDataCode.m */ = {isa = PBXFileReference; fileEncoding = 4; lastKnownFileType = sourcecode.c.objc; path = ESPDataCode.m; sourceTree = "<group>"; };
		C8F4F3381E5EED7800FC8FC9 /* ESPDatumCode.h */ = {isa = PBXFileReference; fileEncoding = 4; lastKnownFileType = sourcecode.c.h; path = ESPDatumCode.h; sourceTree = "<group>"; };
		C8F4F3391E5EED7800FC8FC9 /* ESPDatumCode.m */ = {isa = PBXFileReference; fileEncoding = 4; lastKnownFileType = sourcecode.c.objc; path = ESPDatumCode.m; sourceTree = "<group>"; };
		C8F4F33A1E5EED7800FC8FC9 /* ESPGuideCode.h */ = {isa = PBXFileReference; fileEncoding = 4; lastKnownFileType = sourcecode.c.h; path = ESPGuideCode.h; sourceTree = "<group>"; };
		C8F4F33B1E5EED7800FC8FC9 /* ESPGuideCode.m */ = {isa = PBXFileReference; fileEncoding = 4; lastKnownFileType = sourcecode.c.objc; path = ESPGuideCode.m; sourceTree = "<group>"; };
		C8F4F33C1E5EED7800FC8FC9 /* ESPTouchGenerator.h */ = {isa = PBXFileReference; fileEncoding = 4; lastKnownFileType = sourcecode.c.h; path = ESPTouchGenerator.h; sourceTree = "<group>"; };
		C8F4F33D1E5EED7800FC8FC9 /* ESPTouchGenerator.m */ = {isa = PBXFileReference; fileEncoding = 4; lastKnownFileType = sourcecode.c.objc; path = ESPTouchGenerator.m; sourceTree = "<group>"; };
		C8F4F33F1E5EED7800FC8FC9 /* ESPTouchResult.h */ = {isa = PBXFileReference; fileEncoding = 4; lastKnownFileType = sourcecode.c.h; path = ESPTouchResult.h; sourceTree = "<group>"; };
		C8F4F3401E5EED7800FC8FC9 /* ESPTouchResult.m */ = {isa = PBXFileReference; fileEncoding = 4; lastKnownFileType = sourcecode.c.objc; path = ESPTouchResult.m; sourceTree = "<group>"; };
		C8F4F3411E5EED7800FC8FC9 /* ESPTouchTask.h */ = {isa = PBXFileReference; fileEncoding = 4; lastKnownFileType = sourcecode.c.h; path = ESPTouchTask.h; sourceTree = "<group>"; };
		C8F4F3421E5EED7800FC8FC9 /* ESPTouchTask.m */ = {isa = PBXFileReference; fileEncoding = 4; lastKnownFileType = sourcecode.c.objc; path = ESPTouchTask.m; sourceTree = "<group>"; };
		C8F4F3431E5EED7800FC8FC9 /* ESPTouchTaskParameter.h */ = {isa = PBXFileReference; fileEncoding = 4; lastKnownFileType = sourcecode.c.h; path = ESPTouchTaskParameter.h; sourceTree = "<group>"; };
		C8F4F3441E5EED7800FC8FC9 /* ESPTouchTaskParameter.m */ = {isa = PBXFileReference; fileEncoding = 4; lastKnownFileType = sourcecode.c.objc; path = ESPTouchTaskParameter.m; sourceTree = "<group>"; };
		C8F4F3461E5EED7800FC8FC9 /* ESPTouchDelegate.h */ = {isa = PBXFileReference; fileEncoding = 4; lastKnownFileType = sourcecode.c.h; path = ESPTouchDelegate.h; sourceTree = "<group>"; };
		C8F4F3481E5EED7800FC8FC9 /* ESPUDPSocketClient.h */ = {isa = PBXFileReference; fileEncoding = 4; lastKnownFileType = sourcecode.c.h; path = ESPUDPSocketClient.h; sourceTree = "<group>"; };
		C8F4F3491E5EED7800FC8FC9 /* ESPUDPSocketClient.m */ = {isa = PBXFileReference; fileEncoding = 4; lastKnownFileType = sourcecode.c.objc; path = ESPUDPSocketClient.m; sourceTree = "<group>"; };
		C8F4F34A1E5EED7800FC8FC9 /* ESPUDPSocketServer.h */ = {isa = PBXFileReference; fileEncoding = 4; lastKnownFileType = sourcecode.c.h; path = ESPUDPSocketServer.h; sourceTree = "<group>"; };
		C8F4F34B1E5EED7800FC8FC9 /* ESPUDPSocketServer.m */ = {isa = PBXFileReference; fileEncoding = 4; lastKnownFileType = sourcecode.c.objc; path = ESPUDPSocketServer.m; sourceTree = "<group>"; };
		C8F4F34D1E5EED7800FC8FC9 /* ESP_ByteUtil.h */ = {isa = PBXFileReference; fileEncoding = 4; lastKnownFileType = sourcecode.c.h; path = ESP_ByteUtil.h; sourceTree = "<group>"; };
		C8F4F34E1E5EED7800FC8FC9 /* ESP_ByteUtil.m */ = {isa = PBXFileReference; fileEncoding = 4; lastKnownFileType = sourcecode.c.objc; path = ESP_ByteUtil.m; sourceTree = "<group>"; };
		C8F4F34F1E5EED7800FC8FC9 /* ESP_CRC8.h */ = {isa = PBXFileReference; fileEncoding = 4; lastKnownFileType = sourcecode.c.h; path = ESP_CRC8.h; sourceTree = "<group>"; };
		C8F4F3501E5EED7800FC8FC9 /* ESP_CRC8.m */ = {isa = PBXFileReference; fileEncoding = 4; lastKnownFileType = sourcecode.c.objc; path = ESP_CRC8.m; sourceTree = "<group>"; };
		C8F4F3511E5EED7800FC8FC9 /* ESP_NetUtil.h */ = {isa = PBXFileReference; fileEncoding = 4; lastKnownFileType = sourcecode.c.h; path = ESP_NetUtil.h; sourceTree = "<group>"; };
		C8F4F3521E5EED7800FC8FC9 /* ESP_NetUtil.m */ = {isa = PBXFileReference; fileEncoding = 4; lastKnownFileType = sourcecode.c.objc; path = ESP_NetUtil.m; sourceTree = "<group>"; };
		C8F4F3531E5EED7800FC8FC9 /* ESP_WifiUtil.h */ = {isa = PBXFileReference; fileEncoding = 4; lastKnownFileType = sourcecode.c.h; path = ESP_WifiUtil.h; sourceTree = "<group>"; };
		C8F4F3541E5EED7800FC8FC9 /* ESP_WifiUtil.m */ = {isa = PBXFileReference; fileEncoding = 4; lastKnownFileType = sourcecode.c.objc; path = ESP_WifiUtil.m; sourceTree = "<group>"; };
		C8F4F3551E5EED7800FC8FC9 /* ESPBssidUtil.h */ = {isa = PBXFileReference; fileEncoding = 4; lastKnownFileType = sourcecode.c.h; path = ESPBssidUtil.h; sourceTree = "<group>"; };
		C8F4F3561E5EED7800FC8FC9 /* ESPBssidUtil.m */ = {isa = PBXFileReference; fileEncoding = 4; lastKnownFileType = sourcecode.c.objc; path = ESPBssidUtil.m; sourceTree = "<group>"; };
		C8F4F3571E5EED7800FC8FC9 /* ESPDeviceType.h */ = {isa = PBXFileReference; fileEncoding = 4; lastKnownFileType = sourcecode.c.h; path = ESPDeviceType.h; sourceTree = "<group>"; };
		C8F4F3581E5EED7800FC8FC9 /* ESPDeviceType.m */ = {isa = PBXFileReference; fileEncoding = 4; lastKnownFileType = sourcecode.c.objc; path = ESPDeviceType.m; sourceTree = "<group>"; };
		C8F4F3591E5EED7800FC8FC9 /* ESPIOTAddress.h */ = {isa = PBXFileReference; fileEncoding = 4; lastKnownFileType = sourcecode.c.h; path = ESPIOTAddress.h; sourceTree = "<group>"; };
		C8F4F35A1E5EED7800FC8FC9 /* ESPIOTAddress.m */ = {isa = PBXFileReference; fileEncoding = 4; lastKnownFileType = sourcecode.c.objc; path = ESPIOTAddress.m; sourceTree = "<group>"; };
		C8F4F35B1E5EED7800FC8FC9 /* ESPUDPBroadcastUtil.h */ = {isa = PBXFileReference; fileEncoding = 4; lastKnownFileType = sourcecode.c.h; path = ESPUDPBroadcastUtil.h; sourceTree = "<group>"; };
		C8F4F35C1E5EED7800FC8FC9 /* ESPUDPBroadcastUtil.m */ = {isa = PBXFileReference; fileEncoding = 4; lastKnownFileType = sourcecode.c.objc; path = ESPUDPBroadcastUtil.m; sourceTree = "<group>"; };
		C8F4F35D1E5EED7800FC8FC9 /* ESPUDPDataParser.h */ = {isa = PBXFileReference; fileEncoding = 4; lastKnownFileType = sourcecode.c.h; path = ESPUDPDataParser.h; sourceTree = "<group>"; };
		C8F4F35E1E5EED7800FC8FC9 /* ESPUDPDataParser.m */ = {isa = PBXFileReference; fileEncoding = 4; lastKnownFileType = sourcecode.c.objc; path = ESPUDPDataParser.m; sourceTree = "<group>"; };
		C8F4F35F1E5EED7800FC8FC9 /* ESPVersionMacro.h */ = {isa = PBXFileReference; fileEncoding = 4; lastKnownFileType = sourcecode.c.h; path = ESPVersionMacro.h; sourceTree = "<group>"; };
		C8FD03671E5C2D5A006B34D2 /* UDPRadioViewController.h */ = {isa = PBXFileReference; fileEncoding = 4; lastKnownFileType = sourcecode.c.h; path = UDPRadioViewController.h; sourceTree = "<group>"; };
		C8FD03681E5C2D5A006B34D2 /* UDPRadioViewController.m */ = {isa = PBXFileReference; fileEncoding = 4; lastKnownFileType = sourcecode.c.objc; path = UDPRadioViewController.m; sourceTree = "<group>"; };
/* End PBXFileReference section */

/* Begin PBXFrameworksBuildPhase section */
		077B60051AC036C3000AC046 /* Frameworks */ = {
			isa = PBXFrameworksBuildPhase;
			buildActionMask = 2147483647;
			files = (
				077B600E1AC036C3000AC046 /* CoreGraphics.framework in Frameworks */,
				077B60101AC036C3000AC046 /* UIKit.framework in Frameworks */,
				077B600C1AC036C3000AC046 /* Foundation.framework in Frameworks */,
			);
			runOnlyForDeploymentPostprocessing = 0;
		};
		077B60261AC036C3000AC046 /* Frameworks */ = {
			isa = PBXFrameworksBuildPhase;
			buildActionMask = 2147483647;
			files = (
				077B602B1AC036C3000AC046 /* XCTest.framework in Frameworks */,
				077B602D1AC036C4000AC046 /* UIKit.framework in Frameworks */,
				077B602C1AC036C3000AC046 /* Foundation.framework in Frameworks */,
			);
			runOnlyForDeploymentPostprocessing = 0;
		};
/* End PBXFrameworksBuildPhase section */

/* Begin PBXGroup section */
		077B5FFF1AC036C3000AC046 = {
			isa = PBXGroup;
			children = (
				077B60111AC036C3000AC046 /* EspTouchDemo */,
				077B60301AC036C4000AC046 /* EspTouchDemoTests */,
				077B600A1AC036C3000AC046 /* Frameworks */,
				077B60091AC036C3000AC046 /* Products */,
			);
			sourceTree = "<group>";
		};
		077B60091AC036C3000AC046 /* Products */ = {
			isa = PBXGroup;
			children = (
				077B60081AC036C3000AC046 /* EspTouchDemo.app */,
				077B60291AC036C3000AC046 /* EspTouchDemoTests.xctest */,
			);
			name = Products;
			sourceTree = "<group>";
		};
		077B600A1AC036C3000AC046 /* Frameworks */ = {
			isa = PBXGroup;
			children = (
				077B600B1AC036C3000AC046 /* Foundation.framework */,
				077B600D1AC036C3000AC046 /* CoreGraphics.framework */,
				077B600F1AC036C3000AC046 /* UIKit.framework */,
				077B602A1AC036C3000AC046 /* XCTest.framework */,
			);
			name = Frameworks;
			sourceTree = "<group>";
		};
		077B60111AC036C3000AC046 /* EspTouchDemo */ = {
			isa = PBXGroup;
			children = (
				C8F4F32E1E5EED7800FC8FC9 /* Classes */,
				077B601A1AC036C3000AC046 /* ESPAppDelegate.h */,
				077B601B1AC036C3000AC046 /* ESPAppDelegate.m */,
				077B601D1AC036C3000AC046 /* Main.storyboard */,
				077B60201AC036C3000AC046 /* ESPViewController.h */,
				077B60211AC036C3000AC046 /* ESPViewController.m */,
				C87804251E5AC7DC00A9DDEA /* TestVC */,
				077B60231AC036C3000AC046 /* Images.xcassets */,
				077B60121AC036C3000AC046 /* Supporting Files */,
			);
			path = EspTouchDemo;
			sourceTree = "<group>";
		};
		077B60121AC036C3000AC046 /* Supporting Files */ = {
			isa = PBXGroup;
			children = (
				077B60131AC036C3000AC046 /* EspTouchDemo-Info.plist */,
				077B60141AC036C3000AC046 /* InfoPlist.strings */,
				077B60171AC036C3000AC046 /* main.m */,
				077B60191AC036C3000AC046 /* EspTouchDemo-Prefix.pch */,
			);
			name = "Supporting Files";
			sourceTree = "<group>";
		};
		077B60301AC036C4000AC046 /* EspTouchDemoTests */ = {
			isa = PBXGroup;
			children = (
				077B60361AC036C4000AC046 /* EspTouchDemoTests.m */,
				077B60311AC036C4000AC046 /* Supporting Files */,
			);
			path = EspTouchDemoTests;
			sourceTree = "<group>";
		};
		077B60311AC036C4000AC046 /* Supporting Files */ = {
			isa = PBXGroup;
			children = (
				077B60321AC036C4000AC046 /* EspTouchDemoTests-Info.plist */,
				077B60331AC036C4000AC046 /* InfoPlist.strings */,
			);
			name = "Supporting Files";
			sourceTree = "<group>";
		};
		C87804251E5AC7DC00A9DDEA /* TestVC */ = {
			isa = PBXGroup;
			children = (
				C87804281E5AC7E500A9DDEA /* ServerViewController.h */,
				C87804291E5AC7E500A9DDEA /* ServerViewController.m */,
				C878042A1E5AC7E500A9DDEA /* ClientViewController.h */,
				C878042B1E5AC7E500A9DDEA /* ClientViewController.m */,
				C8FD03671E5C2D5A006B34D2 /* UDPRadioViewController.h */,
				C8FD03681E5C2D5A006B34D2 /* UDPRadioViewController.m */,
				C878042F1E5AEB1E00A9DDEA /* ViewController.h */,
				C87804301E5AEB1E00A9DDEA /* ViewController.m */,
			);
			path = TestVC;
			sourceTree = "<group>";
		};
		C8F4F32E1E5EED7800FC8FC9 /* Classes */ = {
			isa = PBXGroup;
			children = (
				C8F4F32F1E5EED7800FC8FC9 /* AsyncSocket */,
				C8F4F3341E5EED7800FC8FC9 /* ESP_File */,
			);
			path = Classes;
			sourceTree = "<group>";
		};
		C8F4F32F1E5EED7800FC8FC9 /* AsyncSocket */ = {
			isa = PBXGroup;
			children = (
				C8F4F3301E5EED7800FC8FC9 /* AsyncSocket.h */,
				C8F4F3311E5EED7800FC8FC9 /* AsyncSocket.m */,
				C8F4F3321E5EED7800FC8FC9 /* AsyncUdpSocket.h */,
				C8F4F3331E5EED7800FC8FC9 /* AsyncUdpSocket.m */,
			);
			path = AsyncSocket;
			sourceTree = "<group>";
		};
		C8F4F3341E5EED7800FC8FC9 /* ESP_File */ = {
			isa = PBXGroup;
			children = (
				C8F4F3351E5EED7800FC8FC9 /* ESP_Protocol */,
				C8F4F33E1E5EED7800FC8FC9 /* ESP_Task */,
				C8F4F3451E5EED7800FC8FC9 /* ESP_Touch */,
				C8F4F3471E5EED7800FC8FC9 /* ESP_Udp */,
				C8F4F34C1E5EED7800FC8FC9 /* ESP_Util */,
			);
			path = ESP_File;
			sourceTree = "<group>";
		};
		C8F4F3351E5EED7800FC8FC9 /* ESP_Protocol */ = {
			isa = PBXGroup;
			children = (
				C8F4F3361E5EED7800FC8FC9 /* ESPDataCode.h */,
				C8F4F3371E5EED7800FC8FC9 /* ESPDataCode.m */,
				C8F4F3381E5EED7800FC8FC9 /* ESPDatumCode.h */,
				C8F4F3391E5EED7800FC8FC9 /* ESPDatumCode.m */,
				C8F4F33A1E5EED7800FC8FC9 /* ESPGuideCode.h */,
				C8F4F33B1E5EED7800FC8FC9 /* ESPGuideCode.m */,
				C8F4F33C1E5EED7800FC8FC9 /* ESPTouchGenerator.h */,
				C8F4F33D1E5EED7800FC8FC9 /* ESPTouchGenerator.m */,
			);
			path = ESP_Protocol;
			sourceTree = "<group>";
		};
		C8F4F33E1E5EED7800FC8FC9 /* ESP_Task */ = {
			isa = PBXGroup;
			children = (
				C8F4F33F1E5EED7800FC8FC9 /* ESPTouchResult.h */,
				C8F4F3401E5EED7800FC8FC9 /* ESPTouchResult.m */,
				C8F4F3411E5EED7800FC8FC9 /* ESPTouchTask.h */,
				C8F4F3421E5EED7800FC8FC9 /* ESPTouchTask.m */,
				C8F4F3431E5EED7800FC8FC9 /* ESPTouchTaskParameter.h */,
				C8F4F3441E5EED7800FC8FC9 /* ESPTouchTaskParameter.m */,
			);
			path = ESP_Task;
			sourceTree = "<group>";
		};
		C8F4F3451E5EED7800FC8FC9 /* ESP_Touch */ = {
			isa = PBXGroup;
			children = (
				C8F4F3461E5EED7800FC8FC9 /* ESPTouchDelegate.h */,
			);
			path = ESP_Touch;
			sourceTree = "<group>";
		};
		C8F4F3471E5EED7800FC8FC9 /* ESP_Udp */ = {
			isa = PBXGroup;
			children = (
				C8F4F3481E5EED7800FC8FC9 /* ESPUDPSocketClient.h */,
				C8F4F3491E5EED7800FC8FC9 /* ESPUDPSocketClient.m */,
				C8F4F34A1E5EED7800FC8FC9 /* ESPUDPSocketServer.h */,
				C8F4F34B1E5EED7800FC8FC9 /* ESPUDPSocketServer.m */,
			);
			path = ESP_Udp;
			sourceTree = "<group>";
		};
		C8F4F34C1E5EED7800FC8FC9 /* ESP_Util */ = {
			isa = PBXGroup;
			children = (
				C8F4F34D1E5EED7800FC8FC9 /* ESP_ByteUtil.h */,
				C8F4F34E1E5EED7800FC8FC9 /* ESP_ByteUtil.m */,
				C8F4F34F1E5EED7800FC8FC9 /* ESP_CRC8.h */,
				C8F4F3501E5EED7800FC8FC9 /* ESP_CRC8.m */,
				C8F4F3511E5EED7800FC8FC9 /* ESP_NetUtil.h */,
				C8F4F3521E5EED7800FC8FC9 /* ESP_NetUtil.m */,
				C8F4F3531E5EED7800FC8FC9 /* ESP_WifiUtil.h */,
				C8F4F3541E5EED7800FC8FC9 /* ESP_WifiUtil.m */,
				C8F4F3551E5EED7800FC8FC9 /* ESPBssidUtil.h */,
				C8F4F3561E5EED7800FC8FC9 /* ESPBssidUtil.m */,
				C8F4F3571E5EED7800FC8FC9 /* ESPDeviceType.h */,
				C8F4F3581E5EED7800FC8FC9 /* ESPDeviceType.m */,
				C8F4F3591E5EED7800FC8FC9 /* ESPIOTAddress.h */,
				C8F4F35A1E5EED7800FC8FC9 /* ESPIOTAddress.m */,
				C8F4F35B1E5EED7800FC8FC9 /* ESPUDPBroadcastUtil.h */,
				C8F4F35C1E5EED7800FC8FC9 /* ESPUDPBroadcastUtil.m */,
				C8F4F35D1E5EED7800FC8FC9 /* ESPUDPDataParser.h */,
				C8F4F35E1E5EED7800FC8FC9 /* ESPUDPDataParser.m */,
				C8F4F35F1E5EED7800FC8FC9 /* ESPVersionMacro.h */,
			);
			path = ESP_Util;
			sourceTree = "<group>";
		};
/* End PBXGroup section */

/* Begin PBXNativeTarget section */
		077B60071AC036C3000AC046 /* EspTouchDemo */ = {
			isa = PBXNativeTarget;
			buildConfigurationList = 077B603A1AC036C4000AC046 /* Build configuration list for PBXNativeTarget "EspTouchDemo" */;
			buildPhases = (
				077B60041AC036C3000AC046 /* Sources */,
				077B60051AC036C3000AC046 /* Frameworks */,
				077B60061AC036C3000AC046 /* Resources */,
			);
			buildRules = (
			);
			dependencies = (
			);
			name = EspTouchDemo;
			productName = EspTouchDemo;
			productReference = 077B60081AC036C3000AC046 /* EspTouchDemo.app */;
			productType = "com.apple.product-type.application";
		};
		077B60281AC036C3000AC046 /* EspTouchDemoTests */ = {
			isa = PBXNativeTarget;
			buildConfigurationList = 077B603D1AC036C4000AC046 /* Build configuration list for PBXNativeTarget "EspTouchDemoTests" */;
			buildPhases = (
				077B60251AC036C3000AC046 /* Sources */,
				077B60261AC036C3000AC046 /* Frameworks */,
				077B60271AC036C3000AC046 /* Resources */,
			);
			buildRules = (
			);
			dependencies = (
				077B602F1AC036C4000AC046 /* PBXTargetDependency */,
			);
			name = EspTouchDemoTests;
			productName = EspTouchDemoTests;
			productReference = 077B60291AC036C3000AC046 /* EspTouchDemoTests.xctest */;
			productType = "com.apple.product-type.bundle.unit-test";
		};
/* End PBXNativeTarget section */

/* Begin PBXProject section */
		077B60001AC036C3000AC046 /* Project object */ = {
			isa = PBXProject;
			attributes = {
				CLASSPREFIX = ESP;
				LastUpgradeCheck = 0510;
				ORGANIZATIONNAME = "白 桦";
				TargetAttributes = {
					077B60071AC036C3000AC046 = {
						DevelopmentTeam = T9Q8JN5PZW;
					};
					077B60281AC036C3000AC046 = {
						TestTargetID = 077B60071AC036C3000AC046;
					};
				};
			};
			buildConfigurationList = 077B60031AC036C3000AC046 /* Build configuration list for PBXProject "EspTouchDemo" */;
			compatibilityVersion = "Xcode 3.2";
			developmentRegion = English;
			hasScannedForEncodings = 0;
			knownRegions = (
				en,
				Base,
			);
			mainGroup = 077B5FFF1AC036C3000AC046;
			productRefGroup = 077B60091AC036C3000AC046 /* Products */;
			projectDirPath = "";
			projectRoot = "";
			targets = (
				077B60071AC036C3000AC046 /* EspTouchDemo */,
				077B60281AC036C3000AC046 /* EspTouchDemoTests */,
			);
		};
/* End PBXProject section */

/* Begin PBXResourcesBuildPhase section */
		077B60061AC036C3000AC046 /* Resources */ = {
			isa = PBXResourcesBuildPhase;
			buildActionMask = 2147483647;
			files = (
				077B60241AC036C3000AC046 /* Images.xcassets in Resources */,
				077B60161AC036C3000AC046 /* InfoPlist.strings in Resources */,
				077B601F1AC036C3000AC046 /* Main.storyboard in Resources */,
			);
			runOnlyForDeploymentPostprocessing = 0;
		};
		077B60271AC036C3000AC046 /* Resources */ = {
			isa = PBXResourcesBuildPhase;
			buildActionMask = 2147483647;
			files = (
				077B60351AC036C4000AC046 /* InfoPlist.strings in Resources */,
			);
			runOnlyForDeploymentPostprocessing = 0;
		};
/* End PBXResourcesBuildPhase section */

/* Begin PBXSourcesBuildPhase section */
		077B60041AC036C3000AC046 /* Sources */ = {
			isa = PBXSourcesBuildPhase;
			buildActionMask = 2147483647;
			files = (
				C8F4F3691E5EED7800FC8FC9 /* ESPUDPSocketClient.m in Sources */,
				C8F4F3631E5EED7800FC8FC9 /* ESPDatumCode.m in Sources */,
				C8F4F3681E5EED7800FC8FC9 /* ESPTouchTaskParameter.m in Sources */,
				C8F4F3731E5EED7800FC8FC9 /* ESPUDPDataParser.m in Sources */,
				C87804311E5AEB1E00A9DDEA /* ViewController.m in Sources */,
				C8F4F3641E5EED7800FC8FC9 /* ESPGuideCode.m in Sources */,
				C8F4F3671E5EED7800FC8FC9 /* ESPTouchTask.m in Sources */,
				C8F4F3661E5EED7800FC8FC9 /* ESPTouchResult.m in Sources */,
				C878042E1E5AC7E500A9DDEA /* ClientViewController.m in Sources */,
				C8F4F36A1E5EED7800FC8FC9 /* ESPUDPSocketServer.m in Sources */,
				C8FD03691E5C2D5A006B34D2 /* UDPRadioViewController.m in Sources */,
				C8F4F3611E5EED7800FC8FC9 /* AsyncUdpSocket.m in Sources */,
				077B60181AC036C3000AC046 /* main.m in Sources */,
				C8F4F3701E5EED7800FC8FC9 /* ESPDeviceType.m in Sources */,
				C8F4F36C1E5EED7800FC8FC9 /* ESP_CRC8.m in Sources */,
				C8F4F36F1E5EED7800FC8FC9 /* ESPBssidUtil.m in Sources */,
				C8F4F3621E5EED7800FC8FC9 /* ESPDataCode.m in Sources */,
				077B601C1AC036C3000AC046 /* ESPAppDelegate.m in Sources */,
				C8F4F36E1E5EED7800FC8FC9 /* ESP_WifiUtil.m in Sources */,
				C8F4F36D1E5EED7800FC8FC9 /* ESP_NetUtil.m in Sources */,
				077B60221AC036C3000AC046 /* ESPViewController.m in Sources */,
				C8F4F3721E5EED7800FC8FC9 /* ESPUDPBroadcastUtil.m in Sources */,
				C878042D1E5AC7E500A9DDEA /* ServerViewController.m in Sources */,
				C8F4F3601E5EED7800FC8FC9 /* AsyncSocket.m in Sources */,
				C8F4F36B1E5EED7800FC8FC9 /* ESP_ByteUtil.m in Sources */,
				C8F4F3651E5EED7800FC8FC9 /* ESPTouchGenerator.m in Sources */,
				C8F4F3711E5EED7800FC8FC9 /* ESPIOTAddress.m in Sources */,
			);
			runOnlyForDeploymentPostprocessing = 0;
		};
		077B60251AC036C3000AC046 /* Sources */ = {
			isa = PBXSourcesBuildPhase;
			buildActionMask = 2147483647;
			files = (
				077B60371AC036C4000AC046 /* EspTouchDemoTests.m in Sources */,
				C8DDF3C61E5E690F00F4E706 /* ClientViewController.m in Sources */,
			);
			runOnlyForDeploymentPostprocessing = 0;
		};
/* End PBXSourcesBuildPhase section */

/* Begin PBXTargetDependency section */
		077B602F1AC036C4000AC046 /* PBXTargetDependency */ = {
			isa = PBXTargetDependency;
			target = 077B60071AC036C3000AC046 /* EspTouchDemo */;
			targetProxy = 077B602E1AC036C4000AC046 /* PBXContainerItemProxy */;
		};
/* End PBXTargetDependency section */

/* Begin PBXVariantGroup section */
		077B60141AC036C3000AC046 /* InfoPlist.strings */ = {
			isa = PBXVariantGroup;
			children = (
				077B60151AC036C3000AC046 /* en */,
			);
			name = InfoPlist.strings;
			sourceTree = "<group>";
		};
		077B601D1AC036C3000AC046 /* Main.storyboard */ = {
			isa = PBXVariantGroup;
			children = (
				077B601E1AC036C3000AC046 /* Base */,
			);
			name = Main.storyboard;
			sourceTree = "<group>";
		};
		077B60331AC036C4000AC046 /* InfoPlist.strings */ = {
			isa = PBXVariantGroup;
			children = (
				077B60341AC036C4000AC046 /* en */,
			);
			name = InfoPlist.strings;
			sourceTree = "<group>";
		};
/* End PBXVariantGroup section */

/* Begin XCBuildConfiguration section */
		077B60381AC036C4000AC046 /* Debug */ = {
			isa = XCBuildConfiguration;
			buildSettings = {
				ALWAYS_SEARCH_USER_PATHS = NO;
				CLANG_CXX_LANGUAGE_STANDARD = "gnu++0x";
				CLANG_CXX_LIBRARY = "libc++";
				CLANG_ENABLE_MODULES = YES;
				CLANG_ENABLE_OBJC_ARC = YES;
				CLANG_WARN_BOOL_CONVERSION = YES;
				CLANG_WARN_CONSTANT_CONVERSION = YES;
				CLANG_WARN_DIRECT_OBJC_ISA_USAGE = YES_ERROR;
				CLANG_WARN_EMPTY_BODY = YES;
				CLANG_WARN_ENUM_CONVERSION = YES;
				CLANG_WARN_INT_CONVERSION = YES;
				CLANG_WARN_OBJC_ROOT_CLASS = YES_ERROR;
				CLANG_WARN__DUPLICATE_METHOD_MATCH = YES;
				"CODE_SIGN_IDENTITY[sdk=iphoneos*]" = "iPhone Developer";
				COPY_PHASE_STRIP = NO;
				GCC_C_LANGUAGE_STANDARD = gnu99;
				GCC_DYNAMIC_NO_PIC = NO;
				GCC_OPTIMIZATION_LEVEL = 0;
				GCC_PREPROCESSOR_DEFINITIONS = (
					"DEBUG=1",
					"$(inherited)",
				);
				GCC_SYMBOLS_PRIVATE_EXTERN = NO;
				GCC_WARN_64_TO_32_BIT_CONVERSION = YES;
				GCC_WARN_ABOUT_RETURN_TYPE = YES_ERROR;
				GCC_WARN_UNDECLARED_SELECTOR = YES;
				GCC_WARN_UNINITIALIZED_AUTOS = YES_AGGRESSIVE;
				GCC_WARN_UNUSED_FUNCTION = YES;
				GCC_WARN_UNUSED_VARIABLE = YES;
				IPHONEOS_DEPLOYMENT_TARGET = 6.0;
				ONLY_ACTIVE_ARCH = YES;
				SDKROOT = iphoneos;
			};
			name = Debug;
		};
		077B60391AC036C4000AC046 /* Release */ = {
			isa = XCBuildConfiguration;
			buildSettings = {
				ALWAYS_SEARCH_USER_PATHS = NO;
				CLANG_CXX_LANGUAGE_STANDARD = "gnu++0x";
				CLANG_CXX_LIBRARY = "libc++";
				CLANG_ENABLE_MODULES = YES;
				CLANG_ENABLE_OBJC_ARC = YES;
				CLANG_WARN_BOOL_CONVERSION = YES;
				CLANG_WARN_CONSTANT_CONVERSION = YES;
				CLANG_WARN_DIRECT_OBJC_ISA_USAGE = YES_ERROR;
				CLANG_WARN_EMPTY_BODY = YES;
				CLANG_WARN_ENUM_CONVERSION = YES;
				CLANG_WARN_INT_CONVERSION = YES;
				CLANG_WARN_OBJC_ROOT_CLASS = YES_ERROR;
				CLANG_WARN__DUPLICATE_METHOD_MATCH = YES;
				"CODE_SIGN_IDENTITY[sdk=iphoneos*]" = "iPhone Developer";
				COPY_PHASE_STRIP = YES;
				ENABLE_NS_ASSERTIONS = NO;
				GCC_C_LANGUAGE_STANDARD = gnu99;
				GCC_WARN_64_TO_32_BIT_CONVERSION = YES;
				GCC_WARN_ABOUT_RETURN_TYPE = YES_ERROR;
				GCC_WARN_UNDECLARED_SELECTOR = YES;
				GCC_WARN_UNINITIALIZED_AUTOS = YES_AGGRESSIVE;
				GCC_WARN_UNUSED_FUNCTION = YES;
				GCC_WARN_UNUSED_VARIABLE = YES;
				IPHONEOS_DEPLOYMENT_TARGET = 6.0;
				SDKROOT = iphoneos;
				VALIDATE_PRODUCT = YES;
			};
			name = Release;
		};
		077B603B1AC036C4000AC046 /* Debug */ = {
			isa = XCBuildConfiguration;
			buildSettings = {
				ASSETCATALOG_COMPILER_APPICON_NAME = AppIcon;
				ASSETCATALOG_COMPILER_LAUNCHIMAGE_NAME = LaunchImage;
				CODE_SIGN_IDENTITY = "iPhone Developer";
				"CODE_SIGN_IDENTITY[sdk=iphoneos*]" = "iPhone Developer";
				DEVELOPMENT_TEAM = T9Q8JN5PZW;
				GCC_PRECOMPILE_PREFIX_HEADER = YES;
				GCC_PREFIX_HEADER = "EspTouchDemo/EspTouchDemo-Prefix.pch";
				INFOPLIST_FILE = "EspTouchDemo/EspTouchDemo-Info.plist";
				IPHONEOS_DEPLOYMENT_TARGET = 6.0;
				PRODUCT_NAME = EspTouchDemo;
				PROVISIONING_PROFILE = "";
				WRAPPER_EXTENSION = app;
			};
			name = Debug;
		};
		077B603C1AC036C4000AC046 /* Release */ = {
			isa = XCBuildConfiguration;
			buildSettings = {
				ASSETCATALOG_COMPILER_APPICON_NAME = AppIcon;
				ASSETCATALOG_COMPILER_LAUNCHIMAGE_NAME = LaunchImage;
				CODE_SIGN_IDENTITY = "iPhone Developer";
				"CODE_SIGN_IDENTITY[sdk=iphoneos*]" = "iPhone Developer";
				DEVELOPMENT_TEAM = T9Q8JN5PZW;
				GCC_PRECOMPILE_PREFIX_HEADER = YES;
				GCC_PREFIX_HEADER = "EspTouchDemo/EspTouchDemo-Prefix.pch";
				INFOPLIST_FILE = "EspTouchDemo/EspTouchDemo-Info.plist";
				IPHONEOS_DEPLOYMENT_TARGET = 6.0;
				PRODUCT_NAME = EspTouchDemo;
				PROVISIONING_PROFILE = "";
				WRAPPER_EXTENSION = app;
			};
			name = Release;
		};
		077B603E1AC036C4000AC046 /* Debug */ = {
			isa = XCBuildConfiguration;
			buildSettings = {
				BUNDLE_LOADER = "$(BUILT_PRODUCTS_DIR)/EspTouchDemo.app/EspTouchDemo";
				FRAMEWORK_SEARCH_PATHS = (
					"$(SDKROOT)/Developer/Library/Frameworks",
					"$(inherited)",
					"$(DEVELOPER_FRAMEWORKS_DIR)",
				);
				GCC_PRECOMPILE_PREFIX_HEADER = YES;
				GCC_PREFIX_HEADER = "EspTouchDemo/EspTouchDemo-Prefix.pch";
				GCC_PREPROCESSOR_DEFINITIONS = (
					"DEBUG=1",
					"$(inherited)",
				);
				INFOPLIST_FILE = "EspTouchDemoTests/EspTouchDemoTests-Info.plist";
				PRODUCT_NAME = EspTouchDemoTests;
				TEST_HOST = "$(BUNDLE_LOADER)";
				WRAPPER_EXTENSION = xctest;
			};
			name = Debug;
		};
		077B603F1AC036C4000AC046 /* Release */ = {
			isa = XCBuildConfiguration;
			buildSettings = {
				BUNDLE_LOADER = "$(BUILT_PRODUCTS_DIR)/EspTouchDemo.app/EspTouchDemo";
				FRAMEWORK_SEARCH_PATHS = (
					"$(SDKROOT)/Developer/Library/Frameworks",
					"$(inherited)",
					"$(DEVELOPER_FRAMEWORKS_DIR)",
				);
				GCC_PRECOMPILE_PREFIX_HEADER = YES;
				GCC_PREFIX_HEADER = "EspTouchDemo/EspTouchDemo-Prefix.pch";
				INFOPLIST_FILE = "EspTouchDemoTests/EspTouchDemoTests-Info.plist";
				PRODUCT_NAME = EspTouchDemoTests;
				TEST_HOST = "$(BUNDLE_LOADER)";
				WRAPPER_EXTENSION = xctest;
			};
			name = Release;
		};
/* End XCBuildConfiguration section */

/* Begin XCConfigurationList section */
		077B60031AC036C3000AC046 /* Build configuration list for PBXProject "EspTouchDemo" */ = {
			isa = XCConfigurationList;
			buildConfigurations = (
				077B60381AC036C4000AC046 /* Debug */,
				077B60391AC036C4000AC046 /* Release */,
			);
			defaultConfigurationIsVisible = 0;
			defaultConfigurationName = Release;
		};
		077B603A1AC036C4000AC046 /* Build configuration list for PBXNativeTarget "EspTouchDemo" */ = {
			isa = XCConfigurationList;
			buildConfigurations = (
				077B603B1AC036C4000AC046 /* Debug */,
				077B603C1AC036C4000AC046 /* Release */,
			);
			defaultConfigurationIsVisible = 0;
			defaultConfigurationName = Release;
		};
		077B603D1AC036C4000AC046 /* Build configuration list for PBXNativeTarget "EspTouchDemoTests" */ = {
			isa = XCConfigurationList;
			buildConfigurations = (
				077B603E1AC036C4000AC046 /* Debug */,
				077B603F1AC036C4000AC046 /* Release */,
			);
			defaultConfigurationIsVisible = 0;
			defaultConfigurationName = Release;
		};
/* End XCConfigurationList section */
	};
	rootObject = 077B60001AC036C3000AC046 /* Project object */;
}
